<<<<<<< HEAD
﻿
Microsoft Visual Studio Solution File, Format Version 12.00
# Visual Studio Version 16
VisualStudioVersion = 16.0.32407.337
MinimumVisualStudioVersion = 10.0.40219.1
Project("{FAE04EC0-301F-11D3-BF4B-00C04F79EFBC}") = "CadastroClienteSemCrud", "CadastroClienteSemCrud\CadastroClienteSemCrud.csproj", "{4B5262CA-5378-49F1-853D-05F072319352}"
EndProject
Global
	GlobalSection(SolutionConfigurationPlatforms) = preSolution
		Debug|Any CPU = Debug|Any CPU
		Release|Any CPU = Release|Any CPU
	EndGlobalSection
	GlobalSection(ProjectConfigurationPlatforms) = postSolution
		{4B5262CA-5378-49F1-853D-05F072319352}.Debug|Any CPU.ActiveCfg = Debug|Any CPU
		{4B5262CA-5378-49F1-853D-05F072319352}.Debug|Any CPU.Build.0 = Debug|Any CPU
		{4B5262CA-5378-49F1-853D-05F072319352}.Release|Any CPU.ActiveCfg = Release|Any CPU
		{4B5262CA-5378-49F1-853D-05F072319352}.Release|Any CPU.Build.0 = Release|Any CPU
	EndGlobalSection
	GlobalSection(SolutionProperties) = preSolution
		HideSolutionNode = FALSE
	EndGlobalSection
	GlobalSection(ExtensibilityGlobals) = postSolution
		SolutionGuid = {80308A97-3D1F-4348-8B23-1F0CD0583DA0}
	EndGlobalSection
EndGlobal
=======
﻿
Microsoft Visual Studio Solution File, Format Version 12.00
# Visual Studio Version 16
VisualStudioVersion = 16.0.32407.337
MinimumVisualStudioVersion = 10.0.40219.1
Project("{FAE04EC0-301F-11D3-BF4B-00C04F79EFBC}") = "CadastroClienteSemCrud", "CadastroClienteSemCrud\CadastroClienteSemCrud.csproj", "{4B5262CA-5378-49F1-853D-05F072319352}"
EndProject
Global
	GlobalSection(SolutionConfigurationPlatforms) = preSolution
		Debug|Any CPU = Debug|Any CPU
		Release|Any CPU = Release|Any CPU
	EndGlobalSection
	GlobalSection(ProjectConfigurationPlatforms) = postSolution
		{4B5262CA-5378-49F1-853D-05F072319352}.Debug|Any CPU.ActiveCfg = Debug|Any CPU
		{4B5262CA-5378-49F1-853D-05F072319352}.Debug|Any CPU.Build.0 = Debug|Any CPU
		{4B5262CA-5378-49F1-853D-05F072319352}.Release|Any CPU.ActiveCfg = Release|Any CPU
		{4B5262CA-5378-49F1-853D-05F072319352}.Release|Any CPU.Build.0 = Release|Any CPU
	EndGlobalSection
	GlobalSection(SolutionProperties) = preSolution
		HideSolutionNode = FALSE
	EndGlobalSection
	GlobalSection(ExtensibilityGlobals) = postSolution
		SolutionGuid = {80308A97-3D1F-4348-8B23-1F0CD0583DA0}
	EndGlobalSection
EndGlobal
>>>>>>> 64b6159dd6f7bbe03106492c82cefb0e774ba4f8
