
Microsoft Visual Studio Solution File, Format Version 12.00
# Visual Studio Version 16
VisualStudioVersion = 16.0.32407.337
MinimumVisualStudioVersion = 10.0.40219.1
Project("{FAE04EC0-301F-11D3-BF4B-00C04F79EFBC}") = "AtividadePessoaPOO", "AtividadePessoaPOO\AtividadePessoaPOO.csproj", "{AFBC10CC-2147-4B9B-BC47-8787262B089A}"
EndProject
Global
	GlobalSection(SolutionConfigurationPlatforms) = preSolution
		Debug|Any CPU = Debug|Any CPU
		Release|Any CPU = Release|Any CPU
	EndGlobalSection
	GlobalSection(ProjectConfigurationPlatforms) = postSolution
		{AFBC10CC-2147-4B9B-BC47-8787262B089A}.Debug|Any CPU.ActiveCfg = Debug|Any CPU
		{AFBC10CC-2147-4B9B-BC47-8787262B089A}.Debug|Any CPU.Build.0 = Debug|Any CPU
		{AFBC10CC-2147-4B9B-BC47-8787262B089A}.Release|Any CPU.ActiveCfg = Release|Any CPU
		{AFBC10CC-2147-4B9B-BC47-8787262B089A}.Release|Any CPU.Build.0 = Release|Any CPU
	EndGlobalSection
	GlobalSection(SolutionProperties) = preSolution
		HideSolutionNode = FALSE
	EndGlobalSection
	GlobalSection(ExtensibilityGlobals) = postSolution
		SolutionGuid = {B8B5FC1D-04C1-48D9-97DA-67974FF04CA4}
	EndGlobalSection
EndGlobal
