
Microsoft Visual Studio Solution File, Format Version 12.00
# Visual Studio Version 16
VisualStudioVersion = 16.0.32407.337
MinimumVisualStudioVersion = 10.0.40219.1
Project("{FAE04EC0-301F-11D3-BF4B-00C04F79EFBC}") = "OlaMundo", "OlaMundo\OlaMundo.csproj", "{400D59FE-440D-4C63-B70C-40ADF2F4FAB6}"
EndProject
Global
	GlobalSection(SolutionConfigurationPlatforms) = preSolution
		Debug|Any CPU = Debug|Any CPU
		Release|Any CPU = Release|Any CPU
	EndGlobalSection
	GlobalSection(ProjectConfigurationPlatforms) = postSolution
		{400D59FE-440D-4C63-B70C-40ADF2F4FAB6}.Debug|Any CPU.ActiveCfg = Debug|Any CPU
		{400D59FE-440D-4C63-B70C-40ADF2F4FAB6}.Debug|Any CPU.Build.0 = Debug|Any CPU
		{400D59FE-440D-4C63-B70C-40ADF2F4FAB6}.Release|Any CPU.ActiveCfg = Release|Any CPU
		{400D59FE-440D-4C63-B70C-40ADF2F4FAB6}.Release|Any CPU.Build.0 = Release|Any CPU
	EndGlobalSection
	GlobalSection(SolutionProperties) = preSolution
		HideSolutionNode = FALSE
	EndGlobalSection
	GlobalSection(ExtensibilityGlobals) = postSolution
		SolutionGuid = {D533C9B0-7C50-4F5F-B7C2-CC4F5D98E3B0}
	EndGlobalSection
EndGlobal
