
Microsoft Visual Studio Solution File, Format Version 12.00
# Visual Studio Version 16
VisualStudioVersion = 16.0.32407.337
MinimumVisualStudioVersion = 10.0.40219.1
Project("{FAE04EC0-301F-11D3-BF4B-00C04F79EFBC}") = "OperacoesComDatasETempo", "OperacoesComDatasETempo\OperacoesComDatasETempo.csproj", "{1DC3305C-7AEE-4A6B-A71F-70E83351CD6C}"
EndProject
Global
	GlobalSection(SolutionConfigurationPlatforms) = preSolution
		Debug|Any CPU = Debug|Any CPU
		Release|Any CPU = Release|Any CPU
	EndGlobalSection
	GlobalSection(ProjectConfigurationPlatforms) = postSolution
		{1DC3305C-7AEE-4A6B-A71F-70E83351CD6C}.Debug|Any CPU.ActiveCfg = Debug|Any CPU
		{1DC3305C-7AEE-4A6B-A71F-70E83351CD6C}.Debug|Any CPU.Build.0 = Debug|Any CPU
		{1DC3305C-7AEE-4A6B-A71F-70E83351CD6C}.Release|Any CPU.ActiveCfg = Release|Any CPU
		{1DC3305C-7AEE-4A6B-A71F-70E83351CD6C}.Release|Any CPU.Build.0 = Release|Any CPU
	EndGlobalSection
	GlobalSection(SolutionProperties) = preSolution
		HideSolutionNode = FALSE
	EndGlobalSection
	GlobalSection(ExtensibilityGlobals) = postSolution
		SolutionGuid = {BEAFF2A6-AF05-48E8-A278-2EAFAAD9D4C8}
	EndGlobalSection
EndGlobal
