
Microsoft Visual Studio Solution File, Format Version 12.00
# Visual Studio Version 16
VisualStudioVersion = 16.0.32407.337
MinimumVisualStudioVersion = 10.0.40219.1
Project("{FAE04EC0-301F-11D3-BF4B-00C04F79EFBC}") = "IntroducaoExcecoes", "IntroducaoExcecoes\IntroducaoExcecoes.csproj", "{56219C47-4D51-4D00-BC61-D939D19A1906}"
EndProject
Global
	GlobalSection(SolutionConfigurationPlatforms) = preSolution
		Debug|Any CPU = Debug|Any CPU
		Release|Any CPU = Release|Any CPU
	EndGlobalSection
	GlobalSection(ProjectConfigurationPlatforms) = postSolution
		{56219C47-4D51-4D00-BC61-D939D19A1906}.Debug|Any CPU.ActiveCfg = Debug|Any CPU
		{56219C47-4D51-4D00-BC61-D939D19A1906}.Debug|Any CPU.Build.0 = Debug|Any CPU
		{56219C47-4D51-4D00-BC61-D939D19A1906}.Release|Any CPU.ActiveCfg = Release|Any CPU
		{56219C47-4D51-4D00-BC61-D939D19A1906}.Release|Any CPU.Build.0 = Release|Any CPU
	EndGlobalSection
	GlobalSection(SolutionProperties) = preSolution
		HideSolutionNode = FALSE
	EndGlobalSection
	GlobalSection(ExtensibilityGlobals) = postSolution
		SolutionGuid = {C70D46E4-FC70-4F8D-A4B8-B1E7D589278B}
	EndGlobalSection
EndGlobal
