
Microsoft Visual Studio Solution File, Format Version 12.00
# Visual Studio Version 16
VisualStudioVersion = 16.0.32407.337
MinimumVisualStudioVersion = 10.0.40219.1
Project("{FAE04EC0-301F-11D3-BF4B-00C04F79EFBC}") = "CadastroSimplesJson", "CadastroSimplesJson\CadastroSimplesJson.csproj", "{D1AF927B-FB4C-449E-95EA-530DE227C3D5}"
EndProject
Global
	GlobalSection(SolutionConfigurationPlatforms) = preSolution
		Debug|Any CPU = Debug|Any CPU
		Release|Any CPU = Release|Any CPU
	EndGlobalSection
	GlobalSection(ProjectConfigurationPlatforms) = postSolution
		{D1AF927B-FB4C-449E-95EA-530DE227C3D5}.Debug|Any CPU.ActiveCfg = Debug|Any CPU
		{D1AF927B-FB4C-449E-95EA-530DE227C3D5}.Debug|Any CPU.Build.0 = Debug|Any CPU
		{D1AF927B-FB4C-449E-95EA-530DE227C3D5}.Release|Any CPU.ActiveCfg = Release|Any CPU
		{D1AF927B-FB4C-449E-95EA-530DE227C3D5}.Release|Any CPU.Build.0 = Release|Any CPU
	EndGlobalSection
	GlobalSection(SolutionProperties) = preSolution
		HideSolutionNode = FALSE
	EndGlobalSection
	GlobalSection(ExtensibilityGlobals) = postSolution
		SolutionGuid = {CC16756D-B8EC-4412-B80F-08B5370297B2}
	EndGlobalSection
EndGlobal
