
Microsoft Visual Studio Solution File, Format Version 12.00
# Visual Studio Version 16
VisualStudioVersion = 16.0.32407.337
MinimumVisualStudioVersion = 10.0.40219.1
Project("{FAE04EC0-301F-11D3-BF4B-00C04F79EFBC}") = "AtividadeBanco", "AtividadeBanco\AtividadeBanco.csproj", "{732E2F43-C7DA-4992-8627-F8947AD80FE7}"
EndProject
Global
	GlobalSection(SolutionConfigurationPlatforms) = preSolution
		Debug|Any CPU = Debug|Any CPU
		Release|Any CPU = Release|Any CPU
	EndGlobalSection
	GlobalSection(ProjectConfigurationPlatforms) = postSolution
		{732E2F43-C7DA-4992-8627-F8947AD80FE7}.Debug|Any CPU.ActiveCfg = Debug|Any CPU
		{732E2F43-C7DA-4992-8627-F8947AD80FE7}.Debug|Any CPU.Build.0 = Debug|Any CPU
		{732E2F43-C7DA-4992-8627-F8947AD80FE7}.Release|Any CPU.ActiveCfg = Release|Any CPU
		{732E2F43-C7DA-4992-8627-F8947AD80FE7}.Release|Any CPU.Build.0 = Release|Any CPU
	EndGlobalSection
	GlobalSection(SolutionProperties) = preSolution
		HideSolutionNode = FALSE
	EndGlobalSection
	GlobalSection(ExtensibilityGlobals) = postSolution
		SolutionGuid = {5E25E668-4DD9-461F-8952-C0ABEB261D17}
	EndGlobalSection
EndGlobal
