
Microsoft Visual Studio Solution File, Format Version 12.00
# Visual Studio Version 16
VisualStudioVersion = 16.0.32407.337
MinimumVisualStudioVersion = 10.0.40219.1
Project("{FAE04EC0-301F-11D3-BF4B-00C04F79EFBC}") = "IntroducaoInterface", "IntroducaoInterface\IntroducaoInterface.csproj", "{83C7A78F-BDB7-41C6-BA53-2D1AAF38708B}"
EndProject
Global
	GlobalSection(SolutionConfigurationPlatforms) = preSolution
		Debug|Any CPU = Debug|Any CPU
		Release|Any CPU = Release|Any CPU
	EndGlobalSection
	GlobalSection(ProjectConfigurationPlatforms) = postSolution
		{83C7A78F-BDB7-41C6-BA53-2D1AAF38708B}.Debug|Any CPU.ActiveCfg = Debug|Any CPU
		{83C7A78F-BDB7-41C6-BA53-2D1AAF38708B}.Debug|Any CPU.Build.0 = Debug|Any CPU
		{83C7A78F-BDB7-41C6-BA53-2D1AAF38708B}.Release|Any CPU.ActiveCfg = Release|Any CPU
		{83C7A78F-BDB7-41C6-BA53-2D1AAF38708B}.Release|Any CPU.Build.0 = Release|Any CPU
	EndGlobalSection
	GlobalSection(SolutionProperties) = preSolution
		HideSolutionNode = FALSE
	EndGlobalSection
	GlobalSection(ExtensibilityGlobals) = postSolution
		SolutionGuid = {2BDFA60A-232E-476E-96A7-4B0BD593DE98}
	EndGlobalSection
EndGlobal
